{
  "requires": true,
  "lockfileVersion": 1,
  "dependencies": {
    "types-registry": {
      "version": "0.1.721",
      "resolved": "https://registry.npmjs.org/types-registry/-/types-registry-0.1.721.tgz",
      "integrity": "sha512-Id0vr3IzCYUIR7c/4GoO3n3BdBSg6usWJYuVO6hzjJKEg3tLPGBWCoyBBvCIFRm4O3s8i5sx4MvqUz3fen25GQ=="
    }
  }
}
